
Microsoft Visual Studio Solution File, Format Version 12.00
# Visual Studio Version 16
VisualStudioVersion = 16.0.30320.27
MinimumVisualStudioVersion = 10.0.40219.1
Project("{8BC9CEB8-8B4A-11D0-8D11-00A0C91BC942}") = "KeyView2", "KeyView2.vcxproj", "{78CA0306-E435-4825-8AE2-BA02CF521FB1}"
EndProject
Global
	GlobalSection(SolutionConfigurationPlatforms) = preSolution
		Debug|x86 = Debug|x86
		Release|x86 = Release|x86
	EndGlobalSection
	GlobalSection(ProjectConfigurationPlatforms) = postSolution
		{78CA0306-E435-4825-8AE2-BA02CF521FB1}.Debug|x86.ActiveCfg = Debug|Win32
		{78CA0306-E435-4825-8AE2-BA02CF521FB1}.Debug|x86.Build.0 = Debug|Win32
		{78CA0306-E435-4825-8AE2-BA02CF521FB1}.Release|x86.ActiveCfg = Release|Win32
		{78CA0306-E435-4825-8AE2-BA02CF521FB1}.Release|x86.Build.0 = Release|Win32
	EndGlobalSection
	GlobalSection(SolutionProperties) = preSolution
		HideSolutionNode = FALSE
	EndGlobalSection
	GlobalSection(ExtensibilityGlobals) = postSolution
		SolutionGuid = {E2339B31-77F3-4680-B3AF-8D93881C5CBE}
	EndGlobalSection
EndGlobal
