
Microsoft Visual Studio Solution File, Format Version 12.00
# Visual Studio Version 16
VisualStudioVersion = 16.0.30320.27
MinimumVisualStudioVersion = 10.0.40219.1
Project("{8BC9CEB8-8B4A-11D0-8D11-00A0C91BC942}") = "DevCaps1", "DevCaps1.vcxproj", "{441EDB21-0545-45BF-9C40-5583BD889572}"
EndProject
Global
	GlobalSection(SolutionConfigurationPlatforms) = preSolution
		Debug|x86 = Debug|x86
		Release|x86 = Release|x86
	EndGlobalSection
	GlobalSection(ProjectConfigurationPlatforms) = postSolution
		{441EDB21-0545-45BF-9C40-5583BD889572}.Debug|x86.ActiveCfg = Debug|Win32
		{441EDB21-0545-45BF-9C40-5583BD889572}.Debug|x86.Build.0 = Debug|Win32
		{441EDB21-0545-45BF-9C40-5583BD889572}.Release|x86.ActiveCfg = Release|Win32
		{441EDB21-0545-45BF-9C40-5583BD889572}.Release|x86.Build.0 = Release|Win32
	EndGlobalSection
	GlobalSection(SolutionProperties) = preSolution
		HideSolutionNode = FALSE
	EndGlobalSection
	GlobalSection(ExtensibilityGlobals) = postSolution
		SolutionGuid = {8F20CE8F-C84E-4F83-AC13-E644DE752CD5}
	EndGlobalSection
EndGlobal
