
Microsoft Visual Studio Solution File, Format Version 12.00
# Visual Studio Version 16
VisualStudioVersion = 16.0.30517.126
MinimumVisualStudioVersion = 10.0.40219.1
Project("{8BC9CEB8-8B4A-11D0-8D11-00A0C91BC942}") = "Environ", "Environ.vcxproj", "{A5D6EBDE-39CD-495B-ACB1-1712BBB99876}"
EndProject
Global
	GlobalSection(SolutionConfigurationPlatforms) = preSolution
		Debug|x86 = Debug|x86
		Release|x86 = Release|x86
	EndGlobalSection
	GlobalSection(ProjectConfigurationPlatforms) = postSolution
		{A5D6EBDE-39CD-495B-ACB1-1712BBB99876}.Debug|x86.ActiveCfg = Debug|Win32
		{A5D6EBDE-39CD-495B-ACB1-1712BBB99876}.Debug|x86.Build.0 = Debug|Win32
		{A5D6EBDE-39CD-495B-ACB1-1712BBB99876}.Release|x86.ActiveCfg = Release|Win32
		{A5D6EBDE-39CD-495B-ACB1-1712BBB99876}.Release|x86.Build.0 = Release|Win32
	EndGlobalSection
	GlobalSection(SolutionProperties) = preSolution
		HideSolutionNode = FALSE
	EndGlobalSection
	GlobalSection(ExtensibilityGlobals) = postSolution
		SolutionGuid = {157EADD3-66D0-4761-A601-58B7C8EC8D88}
	EndGlobalSection
EndGlobal
